
Microsoft Visual Studio Solution File, Format Version 12.00
# Visual Studio 14
VisualStudioVersion = 14.0.25420.1
MinimumVisualStudioVersion = 10.0.40219.1
Project("{FAE04EC0-301F-11D3-BF4B-00C04F79EFBC}") = "QA-Java-Automation_Code_Challenge_5_Stub", "QA-Java-Automation_Code_Challenge_5_Stub.csproj", "{C396D6FE-79A6-48F9-96EA-D2805023915F}"
EndProject
Project("{FAE04EC0-301F-11D3-BF4B-00C04F79EFBC}") = "PageObjects", "PageObjects\PageObjects.csproj", "{5AE4BD86-650D-477C-B7B9-14DE9322DF07}"
EndProject
Global
	GlobalSection(SolutionConfigurationPlatforms) = preSolution
		Debug|Any CPU = Debug|Any CPU
		Release|Any CPU = Release|Any CPU
	EndGlobalSection
	GlobalSection(ProjectConfigurationPlatforms) = postSolution
		{C396D6FE-79A6-48F9-96EA-D2805023915F}.Debug|Any CPU.ActiveCfg = Debug|Any CPU
		{C396D6FE-79A6-48F9-96EA-D2805023915F}.Debug|Any CPU.Build.0 = Debug|Any CPU
		{C396D6FE-79A6-48F9-96EA-D2805023915F}.Release|Any CPU.ActiveCfg = Release|Any CPU
		{C396D6FE-79A6-48F9-96EA-D2805023915F}.Release|Any CPU.Build.0 = Release|Any CPU
		{5AE4BD86-650D-477C-B7B9-14DE9322DF07}.Debug|Any CPU.ActiveCfg = Debug|Any CPU
		{5AE4BD86-650D-477C-B7B9-14DE9322DF07}.Debug|Any CPU.Build.0 = Debug|Any CPU
		{5AE4BD86-650D-477C-B7B9-14DE9322DF07}.Release|Any CPU.ActiveCfg = Release|Any CPU
		{5AE4BD86-650D-477C-B7B9-14DE9322DF07}.Release|Any CPU.Build.0 = Release|Any CPU
	EndGlobalSection
	GlobalSection(SolutionProperties) = preSolution
		HideSolutionNode = FALSE
	EndGlobalSection
EndGlobal
